
Microsoft Visual Studio Solution File, Format Version 12.00
# Visual Studio Version 17
VisualStudioVersion = 17.0.31903.59
MinimumVisualStudioVersion = 10.0.40219.1
Project("{2150E333-8FDC-42A3-9474-1A3956D46DE8}") = "src", "src", "{827E0CD3-B72D-47B6-A68D-7590B98EB39B}"
EndProject
Project("{2150E333-8FDC-42A3-9474-1A3956D46DE8}") = "BuildingBlocks", "BuildingBlocks", "{90298CBA-BD6F-3A0A-69D5-97CAD7B05E7E}"
EndProject
Project("{FAE04EC0-301F-11D3-BF4B-00C04F79EFBC}") = "BarSystem.Domain.Core", "src\BuildingBlocks\BarSystem.Domain.Core\BarSystem.Domain.Core.csproj", "{A4B2E4C8-0F31-4ADC-8E94-F8BB10BBE0F2}"
EndProject
Project("{FAE04EC0-301F-11D3-BF4B-00C04F79EFBC}") = "BarSystem.Domain.Events", "src\BuildingBlocks\BarSystem.Domain.Events\BarSystem.Domain.Events.csproj", "{9C2BCC1D-C6C9-4DF6-8646-AE3DE6D41C10}"
EndProject
Project("{FAE04EC0-301F-11D3-BF4B-00C04F79EFBC}") = "BarSystem.Infra.Core", "src\BuildingBlocks\BarSystem.Infra.Core\BarSystem.Infra.Core.csproj", "{3C7076AB-D75D-4429-A4CA-F2A5614E53F3}"
EndProject
Project("{2150E333-8FDC-42A3-9474-1A3956D46DE8}") = "Modules", "Modules", "{EC447DCF-ABFA-6E24-52A5-D7FD48A5C558}"
EndProject
Project("{2150E333-8FDC-42A3-9474-1A3956D46DE8}") = "Core", "Core", "{D6D160DD-AE2A-0C32-F31B-9BD72717AAF2}"
EndProject
Project("{FAE04EC0-301F-11D3-BF4B-00C04F79EFBC}") = "BarSystem.Core.Domain", "src\Modules\Core\BarSystem.Core.Domain\BarSystem.Core.Domain.csproj", "{DE38C68A-7A75-4C84-BA8E-950A154C1F80}"
EndProject
Project("{FAE04EC0-301F-11D3-BF4B-00C04F79EFBC}") = "BarSystem.Core.Application", "src\Modules\Core\BarSystem.Core.Application\BarSystem.Core.Application.csproj", "{6931A7EB-6168-4813-A729-3BC71B231F43}"
EndProject
Project("{FAE04EC0-301F-11D3-BF4B-00C04F79EFBC}") = "BarSystem.Core.Infra", "src\Modules\Core\BarSystem.Core.Infra\BarSystem.Core.Infra.csproj", "{C7CD5ABE-C2B3-4F20-8AFD-3B08F8E060D8}"
EndProject
Project("{2150E333-8FDC-42A3-9474-1A3956D46DE8}") = "Services", "Services", "{984BB9B3-3FA3-BE33-9484-CAC21695A33C}"
EndProject
Project("{FAE04EC0-301F-11D3-BF4B-00C04F79EFBC}") = "BarSystem.API", "src\Services\BarSystem.API\BarSystem.API.csproj", "{4F460E25-29C7-4789-90F4-01E822207C3E}"
EndProject
Global
	GlobalSection(SolutionConfigurationPlatforms) = preSolution
		Debug|Any CPU = Debug|Any CPU
		Debug|x64 = Debug|x64
		Debug|x86 = Debug|x86
		Release|Any CPU = Release|Any CPU
		Release|x64 = Release|x64
		Release|x86 = Release|x86
	EndGlobalSection
	GlobalSection(ProjectConfigurationPlatforms) = postSolution
		{A4B2E4C8-0F31-4ADC-8E94-F8BB10BBE0F2}.Debug|Any CPU.ActiveCfg = Debug|Any CPU
		{A4B2E4C8-0F31-4ADC-8E94-F8BB10BBE0F2}.Debug|Any CPU.Build.0 = Debug|Any CPU
		{A4B2E4C8-0F31-4ADC-8E94-F8BB10BBE0F2}.Debug|x64.ActiveCfg = Debug|Any CPU
		{A4B2E4C8-0F31-4ADC-8E94-F8BB10BBE0F2}.Debug|x64.Build.0 = Debug|Any CPU
		{A4B2E4C8-0F31-4ADC-8E94-F8BB10BBE0F2}.Debug|x86.ActiveCfg = Debug|Any CPU
		{A4B2E4C8-0F31-4ADC-8E94-F8BB10BBE0F2}.Debug|x86.Build.0 = Debug|Any CPU
		{A4B2E4C8-0F31-4ADC-8E94-F8BB10BBE0F2}.Release|Any CPU.ActiveCfg = Release|Any CPU
		{A4B2E4C8-0F31-4ADC-8E94-F8BB10BBE0F2}.Release|Any CPU.Build.0 = Release|Any CPU
		{A4B2E4C8-0F31-4ADC-8E94-F8BB10BBE0F2}.Release|x64.ActiveCfg = Release|Any CPU
		{A4B2E4C8-0F31-4ADC-8E94-F8BB10BBE0F2}.Release|x64.Build.0 = Release|Any CPU
		{A4B2E4C8-0F31-4ADC-8E94-F8BB10BBE0F2}.Release|x86.ActiveCfg = Release|Any CPU
		{A4B2E4C8-0F31-4ADC-8E94-F8BB10BBE0F2}.Release|x86.Build.0 = Release|Any CPU
		{9C2BCC1D-C6C9-4DF6-8646-AE3DE6D41C10}.Debug|Any CPU.ActiveCfg = Debug|Any CPU
		{9C2BCC1D-C6C9-4DF6-8646-AE3DE6D41C10}.Debug|Any CPU.Build.0 = Debug|Any CPU
		{9C2BCC1D-C6C9-4DF6-8646-AE3DE6D41C10}.Debug|x64.ActiveCfg = Debug|Any CPU
		{9C2BCC1D-C6C9-4DF6-8646-AE3DE6D41C10}.Debug|x64.Build.0 = Debug|Any CPU
		{9C2BCC1D-C6C9-4DF6-8646-AE3DE6D41C10}.Debug|x86.ActiveCfg = Debug|Any CPU
		{9C2BCC1D-C6C9-4DF6-8646-AE3DE6D41C10}.Debug|x86.Build.0 = Debug|Any CPU
		{9C2BCC1D-C6C9-4DF6-8646-AE3DE6D41C10}.Release|Any CPU.ActiveCfg = Release|Any CPU
		{9C2BCC1D-C6C9-4DF6-8646-AE3DE6D41C10}.Release|Any CPU.Build.0 = Release|Any CPU
		{9C2BCC1D-C6C9-4DF6-8646-AE3DE6D41C10}.Release|x64.ActiveCfg = Release|Any CPU
		{9C2BCC1D-C6C9-4DF6-8646-AE3DE6D41C10}.Release|x64.Build.0 = Release|Any CPU
		{9C2BCC1D-C6C9-4DF6-8646-AE3DE6D41C10}.Release|x86.ActiveCfg = Release|Any CPU
		{9C2BCC1D-C6C9-4DF6-8646-AE3DE6D41C10}.Release|x86.Build.0 = Release|Any CPU
		{3C7076AB-D75D-4429-A4CA-F2A5614E53F3}.Debug|Any CPU.ActiveCfg = Debug|Any CPU
		{3C7076AB-D75D-4429-A4CA-F2A5614E53F3}.Debug|Any CPU.Build.0 = Debug|Any CPU
		{3C7076AB-D75D-4429-A4CA-F2A5614E53F3}.Debug|x64.ActiveCfg = Debug|Any CPU
		{3C7076AB-D75D-4429-A4CA-F2A5614E53F3}.Debug|x64.Build.0 = Debug|Any CPU
		{3C7076AB-D75D-4429-A4CA-F2A5614E53F3}.Debug|x86.ActiveCfg = Debug|Any CPU
		{3C7076AB-D75D-4429-A4CA-F2A5614E53F3}.Debug|x86.Build.0 = Debug|Any CPU
		{3C7076AB-D75D-4429-A4CA-F2A5614E53F3}.Release|Any CPU.ActiveCfg = Release|Any CPU
		{3C7076AB-D75D-4429-A4CA-F2A5614E53F3}.Release|Any CPU.Build.0 = Release|Any CPU
		{3C7076AB-D75D-4429-A4CA-F2A5614E53F3}.Release|x64.ActiveCfg = Release|Any CPU
		{3C7076AB-D75D-4429-A4CA-F2A5614E53F3}.Release|x64.Build.0 = Release|Any CPU
		{3C7076AB-D75D-4429-A4CA-F2A5614E53F3}.Release|x86.ActiveCfg = Release|Any CPU
		{3C7076AB-D75D-4429-A4CA-F2A5614E53F3}.Release|x86.Build.0 = Release|Any CPU
		{DE38C68A-7A75-4C84-BA8E-950A154C1F80}.Debug|Any CPU.ActiveCfg = Debug|Any CPU
		{DE38C68A-7A75-4C84-BA8E-950A154C1F80}.Debug|Any CPU.Build.0 = Debug|Any CPU
		{DE38C68A-7A75-4C84-BA8E-950A154C1F80}.Debug|x64.ActiveCfg = Debug|Any CPU
		{DE38C68A-7A75-4C84-BA8E-950A154C1F80}.Debug|x64.Build.0 = Debug|Any CPU
		{DE38C68A-7A75-4C84-BA8E-950A154C1F80}.Debug|x86.ActiveCfg = Debug|Any CPU
		{DE38C68A-7A75-4C84-BA8E-950A154C1F80}.Debug|x86.Build.0 = Debug|Any CPU
		{DE38C68A-7A75-4C84-BA8E-950A154C1F80}.Release|Any CPU.ActiveCfg = Release|Any CPU
		{DE38C68A-7A75-4C84-BA8E-950A154C1F80}.Release|Any CPU.Build.0 = Release|Any CPU
		{DE38C68A-7A75-4C84-BA8E-950A154C1F80}.Release|x64.ActiveCfg = Release|Any CPU
		{DE38C68A-7A75-4C84-BA8E-950A154C1F80}.Release|x64.Build.0 = Release|Any CPU
		{DE38C68A-7A75-4C84-BA8E-950A154C1F80}.Release|x86.ActiveCfg = Release|Any CPU
		{DE38C68A-7A75-4C84-BA8E-950A154C1F80}.Release|x86.Build.0 = Release|Any CPU
		{6931A7EB-6168-4813-A729-3BC71B231F43}.Debug|Any CPU.ActiveCfg = Debug|Any CPU
		{6931A7EB-6168-4813-A729-3BC71B231F43}.Debug|Any CPU.Build.0 = Debug|Any CPU
		{6931A7EB-6168-4813-A729-3BC71B231F43}.Debug|x64.ActiveCfg = Debug|Any CPU
		{6931A7EB-6168-4813-A729-3BC71B231F43}.Debug|x64.Build.0 = Debug|Any CPU
		{6931A7EB-6168-4813-A729-3BC71B231F43}.Debug|x86.ActiveCfg = Debug|Any CPU
		{6931A7EB-6168-4813-A729-3BC71B231F43}.Debug|x86.Build.0 = Debug|Any CPU
		{6931A7EB-6168-4813-A729-3BC71B231F43}.Release|Any CPU.ActiveCfg = Release|Any CPU
		{6931A7EB-6168-4813-A729-3BC71B231F43}.Release|Any CPU.Build.0 = Release|Any CPU
		{6931A7EB-6168-4813-A729-3BC71B231F43}.Release|x64.ActiveCfg = Release|Any CPU
		{6931A7EB-6168-4813-A729-3BC71B231F43}.Release|x64.Build.0 = Release|Any CPU
		{6931A7EB-6168-4813-A729-3BC71B231F43}.Release|x86.ActiveCfg = Release|Any CPU
		{6931A7EB-6168-4813-A729-3BC71B231F43}.Release|x86.Build.0 = Release|Any CPU
		{C7CD5ABE-C2B3-4F20-8AFD-3B08F8E060D8}.Debug|Any CPU.ActiveCfg = Debug|Any CPU
		{C7CD5ABE-C2B3-4F20-8AFD-3B08F8E060D8}.Debug|Any CPU.Build.0 = Debug|Any CPU
		{C7CD5ABE-C2B3-4F20-8AFD-3B08F8E060D8}.Debug|x64.ActiveCfg = Debug|Any CPU
		{C7CD5ABE-C2B3-4F20-8AFD-3B08F8E060D8}.Debug|x64.Build.0 = Debug|Any CPU
		{C7CD5ABE-C2B3-4F20-8AFD-3B08F8E060D8}.Debug|x86.ActiveCfg = Debug|Any CPU
		{C7CD5ABE-C2B3-4F20-8AFD-3B08F8E060D8}.Debug|x86.Build.0 = Debug|Any CPU
		{C7CD5ABE-C2B3-4F20-8AFD-3B08F8E060D8}.Release|Any CPU.ActiveCfg = Release|Any CPU
		{C7CD5ABE-C2B3-4F20-8AFD-3B08F8E060D8}.Release|Any CPU.Build.0 = Release|Any CPU
		{C7CD5ABE-C2B3-4F20-8AFD-3B08F8E060D8}.Release|x64.ActiveCfg = Release|Any CPU
		{C7CD5ABE-C2B3-4F20-8AFD-3B08F8E060D8}.Release|x64.Build.0 = Release|Any CPU
		{C7CD5ABE-C2B3-4F20-8AFD-3B08F8E060D8}.Release|x86.ActiveCfg = Release|Any CPU
		{C7CD5ABE-C2B3-4F20-8AFD-3B08F8E060D8}.Release|x86.Build.0 = Release|Any CPU
		{4F460E25-29C7-4789-90F4-01E822207C3E}.Debug|Any CPU.ActiveCfg = Debug|Any CPU
		{4F460E25-29C7-4789-90F4-01E822207C3E}.Debug|Any CPU.Build.0 = Debug|Any CPU
		{4F460E25-29C7-4789-90F4-01E822207C3E}.Debug|x64.ActiveCfg = Debug|Any CPU
		{4F460E25-29C7-4789-90F4-01E822207C3E}.Debug|x64.Build.0 = Debug|Any CPU
		{4F460E25-29C7-4789-90F4-01E822207C3E}.Debug|x86.ActiveCfg = Debug|Any CPU
		{4F460E25-29C7-4789-90F4-01E822207C3E}.Debug|x86.Build.0 = Debug|Any CPU
		{4F460E25-29C7-4789-90F4-01E822207C3E}.Release|Any CPU.ActiveCfg = Release|Any CPU
		{4F460E25-29C7-4789-90F4-01E822207C3E}.Release|Any CPU.Build.0 = Release|Any CPU
		{4F460E25-29C7-4789-90F4-01E822207C3E}.Release|x64.ActiveCfg = Release|Any CPU
		{4F460E25-29C7-4789-90F4-01E822207C3E}.Release|x64.Build.0 = Release|Any CPU
		{4F460E25-29C7-4789-90F4-01E822207C3E}.Release|x86.ActiveCfg = Release|Any CPU
		{4F460E25-29C7-4789-90F4-01E822207C3E}.Release|x86.Build.0 = Release|Any CPU
	EndGlobalSection
	GlobalSection(SolutionProperties) = preSolution
		HideSolutionNode = FALSE
	EndGlobalSection
	GlobalSection(NestedProjects) = preSolution
		{90298CBA-BD6F-3A0A-69D5-97CAD7B05E7E} = {827E0CD3-B72D-47B6-A68D-7590B98EB39B}
		{A4B2E4C8-0F31-4ADC-8E94-F8BB10BBE0F2} = {90298CBA-BD6F-3A0A-69D5-97CAD7B05E7E}
		{9C2BCC1D-C6C9-4DF6-8646-AE3DE6D41C10} = {90298CBA-BD6F-3A0A-69D5-97CAD7B05E7E}
		{3C7076AB-D75D-4429-A4CA-F2A5614E53F3} = {90298CBA-BD6F-3A0A-69D5-97CAD7B05E7E}
		{EC447DCF-ABFA-6E24-52A5-D7FD48A5C558} = {827E0CD3-B72D-47B6-A68D-7590B98EB39B}
		{D6D160DD-AE2A-0C32-F31B-9BD72717AAF2} = {EC447DCF-ABFA-6E24-52A5-D7FD48A5C558}
		{DE38C68A-7A75-4C84-BA8E-950A154C1F80} = {D6D160DD-AE2A-0C32-F31B-9BD72717AAF2}
		{6931A7EB-6168-4813-A729-3BC71B231F43} = {D6D160DD-AE2A-0C32-F31B-9BD72717AAF2}
		{C7CD5ABE-C2B3-4F20-8AFD-3B08F8E060D8} = {D6D160DD-AE2A-0C32-F31B-9BD72717AAF2}
		{984BB9B3-3FA3-BE33-9484-CAC21695A33C} = {827E0CD3-B72D-47B6-A68D-7590B98EB39B}
		{4F460E25-29C7-4789-90F4-01E822207C3E} = {984BB9B3-3FA3-BE33-9484-CAC21695A33C}
	EndGlobalSection
EndGlobal
